// !$*UTF8*$!
{
	archiveVersion = 1;
	classes = {
	};
	objectVersion = 46;
	objects = {

/* Begin PBXBuildFile section */
		0A42CAEA195A23DB0097B581 /* Cocoa.framework in Frameworks */ = {isa = PBXBuildFile; fileRef = 0A42CAE9195A23DB0097B581 /* Cocoa.framework */; };
		0A42CAF4195A23DB0097B581 /* InfoPlist.strings in Resources */ = {isa = PBXBuildFile; fileRef = 0A42CAF2195A23DB0097B581 /* InfoPlist.strings */; };
		0A42CAF6195A23DB0097B581 /* main.m in Sources */ = {isa = PBXBuildFile; fileRef = 0A42CAF5195A23DB0097B581 /* main.m */; };
		0A42CAFA195A23DB0097B581 /* Credits.rtf in Resources */ = {isa = PBXBuildFile; fileRef = 0A42CAF8195A23DB0097B581 /* Credits.rtf */; };
		0A42CAFD195A23DB0097B581 /* AppDelegate.m in Sources */ = {isa = PBXBuildFile; fileRef = 0A42CAFC195A23DB0097B581 /* AppDelegate.m */; };
		0A42CB00195A23DB0097B581 /* MainMenu.xib in Resources */ = {isa = PBXBuildFile; fileRef = 0A42CAFE195A23DB0097B581 /* MainMenu.xib */; };
		0A42CB02195A23DB0097B581 /* Images.xcassets in Resources */ = {isa = PBXBuildFile; fileRef = 0A42CB01195A23DB0097B581 /* Images.xcassets */; };
		0A42CB09195A23DB0097B581 /* XCTest.framework in Frameworks */ = {isa = PBXBuildFile; fileRef = 0A42CB08195A23DB0097B581 /* XCTest.framework */; };
		0A42CB0A195A23DB0097B581 /* Cocoa.framework in Frameworks */ = {isa = PBXBuildFile; fileRef = 0A42CAE9195A23DB0097B581 /* Cocoa.framework */; };
		0A42CB12195A23DB0097B581 /* InfoPlist.strings in Resources */ = {isa = PBXBuildFile; fileRef = 0A42CB10195A23DB0097B581 /* InfoPlist.strings */; };
		0A42CB14195A23DB0097B581 /* PPP_MacTests.m in Sources */ = {isa = PBXBuildFile; fileRef = 0A42CB13195A23DB0097B581 /* PPP_MacTests.m */; };
		0A7802A5195A4CA900B187E0 /* Password.m in Sources */ = {isa = PBXBuildFile; fileRef = 0A7802A4195A4CA900B187E0 /* Password.m */; };
		0A922287195FE52200916E93 /* Foundation.framework in Frameworks */ = {isa = PBXBuildFile; fileRef = 0A922286195FE52200916E93 /* Foundation.framework */; };
		0A922289195FE52200916E93 /* CoreGraphics.framework in Frameworks */ = {isa = PBXBuildFile; fileRef = 0A922288195FE52200916E93 /* CoreGraphics.framework */; };
		0A92228B195FE52200916E93 /* UIKit.framework in Frameworks */ = {isa = PBXBuildFile; fileRef = 0A92228A195FE52200916E93 /* UIKit.framework */; };
		0A922291195FE52200916E93 /* InfoPlist.strings in Resources */ = {isa = PBXBuildFile; fileRef = 0A92228F195FE52200916E93 /* InfoPlist.strings */; };
		0A922293195FE52200916E93 /* main.m in Sources */ = {isa = PBXBuildFile; fileRef = 0A922292195FE52200916E93 /* main.m */; };
		0A922297195FE52200916E93 /* AppDelegate.m in Sources */ = {isa = PBXBuildFile; fileRef = 0A922296195FE52200916E93 /* AppDelegate.m */; };
		0A92229A195FE52200916E93 /* Main_iPhone.storyboard in Resources */ = {isa = PBXBuildFile; fileRef = 0A922298195FE52200916E93 /* Main_iPhone.storyboard */; };
		0A92229D195FE52200916E93 /* Main_iPad.storyboard in Resources */ = {isa = PBXBuildFile; fileRef = 0A92229B195FE52200916E93 /* Main_iPad.storyboard */; };
		0A9222A0195FE52200916E93 /* ViewController.m in Sources */ = {isa = PBXBuildFile; fileRef = 0A92229F195FE52200916E93 /* ViewController.m */; };
		0A9222A2195FE52200916E93 /* Images.xcassets in Resources */ = {isa = PBXBuildFile; fileRef = 0A9222A1195FE52200916E93 /* Images.xcassets */; };
		0A9222A8195FE52300916E93 /* XCTest.framework in Frameworks */ = {isa = PBXBuildFile; fileRef = 0A42CB08195A23DB0097B581 /* XCTest.framework */; };
		0A9222A9195FE52300916E93 /* Foundation.framework in Frameworks */ = {isa = PBXBuildFile; fileRef = 0A922286195FE52200916E93 /* Foundation.framework */; };
		0A9222AA195FE52300916E93 /* UIKit.framework in Frameworks */ = {isa = PBXBuildFile; fileRef = 0A92228A195FE52200916E93 /* UIKit.framework */; };
		0A9222B2195FE52300916E93 /* InfoPlist.strings in Resources */ = {isa = PBXBuildFile; fileRef = 0A9222B0195FE52300916E93 /* InfoPlist.strings */; };
		0A9222B4195FE52300916E93 /* PPP_IOSTests.m in Sources */ = {isa = PBXBuildFile; fileRef = 0A9222B3195FE52300916E93 /* PPP_IOSTests.m */; };
		0AF9AD0E196F162E00254891 /* libsqlite3.dylib in Frameworks */ = {isa = PBXBuildFile; fileRef = 0AF9AD0D196F162E00254891 /* libsqlite3.dylib */; };
/* End PBXBuildFile section */

/* Begin PBXContainerItemProxy section */
		0A42CB0B195A23DB0097B581 /* PBXContainerItemProxy */ = {
			isa = PBXContainerItemProxy;
			containerPortal = 0A42CADE195A23DA0097B581 /* Project object */;
			proxyType = 1;
			remoteGlobalIDString = 0A42CAE5195A23DA0097B581;
			remoteInfo = PPP_Mac;
		};
		0A9222AB195FE52300916E93 /* PBXContainerItemProxy */ = {
			isa = PBXContainerItemProxy;
			containerPortal = 0A42CADE195A23DA0097B581 /* Project object */;
			proxyType = 1;
			remoteGlobalIDString = 0A922284195FE52200916E93;
			remoteInfo = PPP_IOS;
		};
/* End PBXContainerItemProxy section */

/* Begin PBXFileReference section */
		0A42CAE6195A23DB0097B581 /* PPP_Mac.app */ = {isa = PBXFileReference; explicitFileType = wrapper.application; includeInIndex = 0; path = PPP_Mac.app; sourceTree = BUILT_PRODUCTS_DIR; };
		0A42CAE9195A23DB0097B581 /* Cocoa.framework */ = {isa = PBXFileReference; lastKnownFileType = wrapper.framework; name = Cocoa.framework; path = System/Library/Frameworks/Cocoa.framework; sourceTree = SDKROOT; };
		0A42CAEC195A23DB0097B581 /* AppKit.framework */ = {isa = PBXFileReference; lastKnownFileType = wrapper.framework; name = AppKit.framework; path = System/Library/Frameworks/AppKit.framework; sourceTree = SDKROOT; };
		0A42CAED195A23DB0097B581 /* CoreData.framework */ = {isa = PBXFileReference; lastKnownFileType = wrapper.framework; name = CoreData.framework; path = System/Library/Frameworks/CoreData.framework; sourceTree = SDKROOT; };
		0A42CAEE195A23DB0097B581 /* Foundation.framework */ = {isa = PBXFileReference; lastKnownFileType = wrapper.framework; name = Foundation.framework; path = System/Library/Frameworks/Foundation.framework; sourceTree = SDKROOT; };
		0A42CAF1195A23DB0097B581 /* PPP_Mac-Info.plist */ = {isa = PBXFileReference; lastKnownFileType = text.plist.xml; path = "PPP_Mac-Info.plist"; sourceTree = "<group>"; };
		0A42CAF3195A23DB0097B581 /* en */ = {isa = PBXFileReference; lastKnownFileType = text.plist.strings; name = en; path = en.lproj/InfoPlist.strings; sourceTree = "<group>"; };
		0A42CAF5195A23DB0097B581 /* main.m */ = {isa = PBXFileReference; lastKnownFileType = sourcecode.c.objc; path = main.m; sourceTree = "<group>"; };
		0A42CAF7195A23DB0097B581 /* PPP_Mac-Prefix.pch */ = {isa = PBXFileReference; lastKnownFileType = sourcecode.c.h; path = "PPP_Mac-Prefix.pch"; sourceTree = "<group>"; };
		0A42CAF9195A23DB0097B581 /* en */ = {isa = PBXFileReference; lastKnownFileType = text.rtf; name = en; path = en.lproj/Credits.rtf; sourceTree = "<group>"; };
		0A42CAFB195A23DB0097B581 /* AppDelegate.h */ = {isa = PBXFileReference; lastKnownFileType = sourcecode.c.h; path = AppDelegate.h; sourceTree = "<group>"; };
		0A42CAFC195A23DB0097B581 /* AppDelegate.m */ = {isa = PBXFileReference; lastKnownFileType = sourcecode.c.objc; path = AppDelegate.m; sourceTree = "<group>"; };
		0A42CAFF195A23DB0097B581 /* Base */ = {isa = PBXFileReference; lastKnownFileType = file.xib; name = Base; path = Base.lproj/MainMenu.xib; sourceTree = "<group>"; };
		0A42CB01195A23DB0097B581 /* Images.xcassets */ = {isa = PBXFileReference; lastKnownFileType = folder.assetcatalog; path = Images.xcassets; sourceTree = "<group>"; };
		0A42CB07195A23DB0097B581 /* PPP_MacTests.xctest */ = {isa = PBXFileReference; explicitFileType = wrapper.cfbundle; includeInIndex = 0; path = PPP_MacTests.xctest; sourceTree = BUILT_PRODUCTS_DIR; };
		0A42CB08195A23DB0097B581 /* XCTest.framework */ = {isa = PBXFileReference; lastKnownFileType = wrapper.framework; name = XCTest.framework; path = Library/Frameworks/XCTest.framework; sourceTree = DEVELOPER_DIR; };
		0A42CB0F195A23DB0097B581 /* PPP_MacTests-Info.plist */ = {isa = PBXFileReference; lastKnownFileType = text.plist.xml; path = "PPP_MacTests-Info.plist"; sourceTree = "<group>"; };
		0A42CB11195A23DB0097B581 /* en */ = {isa = PBXFileReference; lastKnownFileType = text.plist.strings; name = en; path = en.lproj/InfoPlist.strings; sourceTree = "<group>"; };
		0A42CB13195A23DB0097B581 /* PPP_MacTests.m */ = {isa = PBXFileReference; lastKnownFileType = sourcecode.c.objc; path = PPP_MacTests.m; sourceTree = "<group>"; };
		0A7802A3195A4CA900B187E0 /* Password.h */ = {isa = PBXFileReference; fileEncoding = 4; lastKnownFileType = sourcecode.c.h; path = Password.h; sourceTree = "<group>"; };
		0A7802A4195A4CA900B187E0 /* Password.m */ = {isa = PBXFileReference; fileEncoding = 4; lastKnownFileType = sourcecode.c.objc; path = Password.m; sourceTree = "<group>"; };
		0A922285195FE52200916E93 /* PPP_IOS.app */ = {isa = PBXFileReference; explicitFileType = wrapper.application; includeInIndex = 0; path = PPP_IOS.app; sourceTree = BUILT_PRODUCTS_DIR; };
		0A922286195FE52200916E93 /* Foundation.framework */ = {isa = PBXFileReference; lastKnownFileType = wrapper.framework; name = Foundation.framework; path = System/Library/Frameworks/Foundation.framework; sourceTree = SDKROOT; };
		0A922288195FE52200916E93 /* CoreGraphics.framework */ = {isa = PBXFileReference; lastKnownFileType = wrapper.framework; name = CoreGraphics.framework; path = System/Library/Frameworks/CoreGraphics.framework; sourceTree = SDKROOT; };
		0A92228A195FE52200916E93 /* UIKit.framework */ = {isa = PBXFileReference; lastKnownFileType = wrapper.framework; name = UIKit.framework; path = Library/Frameworks/UIKit.framework; sourceTree = DEVELOPER_DIR; };
		0A92228E195FE52200916E93 /* PPP_IOS-Info.plist */ = {isa = PBXFileReference; lastKnownFileType = text.plist.xml; path = "PPP_IOS-Info.plist"; sourceTree = "<group>"; };
		0A922290195FE52200916E93 /* en */ = {isa = PBXFileReference; lastKnownFileType = text.plist.strings; name = en; path = en.lproj/InfoPlist.strings; sourceTree = "<group>"; };
		0A922292195FE52200916E93 /* main.m */ = {isa = PBXFileReference; lastKnownFileType = sourcecode.c.objc; path = main.m; sourceTree = "<group>"; };
		0A922294195FE52200916E93 /* PPP_IOS-Prefix.pch */ = {isa = PBXFileReference; lastKnownFileType = sourcecode.c.h; path = "PPP_IOS-Prefix.pch"; sourceTree = "<group>"; };
		0A922295195FE52200916E93 /* AppDelegate.h */ = {isa = PBXFileReference; lastKnownFileType = sourcecode.c.h; path = AppDelegate.h; sourceTree = "<group>"; };
		0A922296195FE52200916E93 /* AppDelegate.m */ = {isa = PBXFileReference; lastKnownFileType = sourcecode.c.objc; path = AppDelegate.m; sourceTree = "<group>"; };
		0A922299195FE52200916E93 /* Base */ = {isa = PBXFileReference; lastKnownFileType = file.storyboard; name = Base; path = Base.lproj/Main_iPhone.storyboard; sourceTree = "<group>"; };
		0A92229C195FE52200916E93 /* Base */ = {isa = PBXFileReference; lastKnownFileType = file.storyboard; name = Base; path = Base.lproj/Main_iPad.storyboard; sourceTree = "<group>"; };
		0A92229E195FE52200916E93 /* ViewController.h */ = {isa = PBXFileReference; lastKnownFileType = sourcecode.c.h; path = ViewController.h; sourceTree = "<group>"; };
		0A92229F195FE52200916E93 /* ViewController.m */ = {isa = PBXFileReference; lastKnownFileType = sourcecode.c.objc; path = ViewController.m; sourceTree = "<group>"; };
		0A9222A1195FE52200916E93 /* Images.xcassets */ = {isa = PBXFileReference; lastKnownFileType = folder.assetcatalog; path = Images.xcassets; sourceTree = "<group>"; };
		0A9222A7195FE52200916E93 /* PPP_IOSTests.xctest */ = {isa = PBXFileReference; explicitFileType = wrapper.cfbundle; includeInIndex = 0; path = PPP_IOSTests.xctest; sourceTree = BUILT_PRODUCTS_DIR; };
		0A9222AF195FE52300916E93 /* PPP_IOSTests-Info.plist */ = {isa = PBXFileReference; lastKnownFileType = text.plist.xml; path = "PPP_IOSTests-Info.plist"; sourceTree = "<group>"; };
		0A9222B1195FE52300916E93 /* en */ = {isa = PBXFileReference; lastKnownFileType = text.plist.strings; name = en; path = en.lproj/InfoPlist.strings; sourceTree = "<group>"; };
		0A9222B3195FE52300916E93 /* PPP_IOSTests.m */ = {isa = PBXFileReference; lastKnownFileType = sourcecode.c.objc; path = PPP_IOSTests.m; sourceTree = "<group>"; };
		0AF9AD0D196F162E00254891 /* libsqlite3.dylib */ = {isa = PBXFileReference; lastKnownFileType = "compiled.mach-o.dylib"; name = libsqlite3.dylib; path = usr/lib/libsqlite3.dylib; sourceTree = SDKROOT; };
/* End PBXFileReference section */

/* Begin PBXFrameworksBuildPhase section */
		0A42CAE3195A23DA0097B581 /* Frameworks */ = {
			isa = PBXFrameworksBuildPhase;
			buildActionMask = 2147483647;
			files = (
				0AF9AD0E196F162E00254891 /* libsqlite3.dylib in Frameworks */,
				0A42CAEA195A23DB0097B581 /* Cocoa.framework in Frameworks */,
			);
			runOnlyForDeploymentPostprocessing = 0;
		};
		0A42CB04195A23DB0097B581 /* Frameworks */ = {
			isa = PBXFrameworksBuildPhase;
			buildActionMask = 2147483647;
			files = (
				0A42CB0A195A23DB0097B581 /* Cocoa.framework in Frameworks */,
				0A42CB09195A23DB0097B581 /* XCTest.framework in Frameworks */,
			);
			runOnlyForDeploymentPostprocessing = 0;
		};
		0A922282195FE52200916E93 /* Frameworks */ = {
			isa = PBXFrameworksBuildPhase;
			buildActionMask = 2147483647;
			files = (
				0A922289195FE52200916E93 /* CoreGraphics.framework in Frameworks */,
				0A92228B195FE52200916E93 /* UIKit.framework in Frameworks */,
				0A922287195FE52200916E93 /* Foundation.framework in Frameworks */,
			);
			runOnlyForDeploymentPostprocessing = 0;
		};
		0A9222A4195FE52200916E93 /* Frameworks */ = {
			isa = PBXFrameworksBuildPhase;
			buildActionMask = 2147483647;
			files = (
				0A9222A8195FE52300916E93 /* XCTest.framework in Frameworks */,
				0A9222AA195FE52300916E93 /* UIKit.framework in Frameworks */,
				0A9222A9195FE52300916E93 /* Foundation.framework in Frameworks */,
			);
			runOnlyForDeploymentPostprocessing = 0;
		};
/* End PBXFrameworksBuildPhase section */

/* Begin PBXGroup section */
		0A42CADD195A23DA0097B581 = {
			isa = PBXGroup;
			children = (
				0A42CAEF195A23DB0097B581 /* PPP_Mac */,
				0A42CB0D195A23DB0097B581 /* PPP_MacTests */,
				0A92228C195FE52200916E93 /* PPP_IOS */,
				0A9222AD195FE52300916E93 /* PPP_IOSTests */,
				0A42CAE8195A23DB0097B581 /* Frameworks */,
				0A42CAE7195A23DB0097B581 /* Products */,
			);
			sourceTree = "<group>";
		};
		0A42CAE7195A23DB0097B581 /* Products */ = {
			isa = PBXGroup;
			children = (
				0A42CAE6195A23DB0097B581 /* PPP_Mac.app */,
				0A42CB07195A23DB0097B581 /* PPP_MacTests.xctest */,
				0A922285195FE52200916E93 /* PPP_IOS.app */,
				0A9222A7195FE52200916E93 /* PPP_IOSTests.xctest */,
			);
			name = Products;
			sourceTree = "<group>";
		};
		0A42CAE8195A23DB0097B581 /* Frameworks */ = {
			isa = PBXGroup;
			children = (
				0AF9AD0D196F162E00254891 /* libsqlite3.dylib */,
				0A42CAE9195A23DB0097B581 /* Cocoa.framework */,
				0A42CB08195A23DB0097B581 /* XCTest.framework */,
				0A922286195FE52200916E93 /* Foundation.framework */,
				0A922288195FE52200916E93 /* CoreGraphics.framework */,
				0A92228A195FE52200916E93 /* UIKit.framework */,
				0A42CAEB195A23DB0097B581 /* Other Frameworks */,
			);
			name = Frameworks;
			sourceTree = "<group>";
		};
		0A42CAEB195A23DB0097B581 /* Other Frameworks */ = {
			isa = PBXGroup;
			children = (
				0A42CAEC195A23DB0097B581 /* AppKit.framework */,
				0A42CAED195A23DB0097B581 /* CoreData.framework */,
				0A42CAEE195A23DB0097B581 /* Foundation.framework */,
			);
			name = "Other Frameworks";
			sourceTree = "<group>";
		};
		0A42CAEF195A23DB0097B581 /* PPP_Mac */ = {
			isa = PBXGroup;
			children = (
				0A42CAFB195A23DB0097B581 /* AppDelegate.h */,
				0A42CAFC195A23DB0097B581 /* AppDelegate.m */,
				0A42CAFE195A23DB0097B581 /* MainMenu.xib */,
				0A42CB01195A23DB0097B581 /* Images.xcassets */,
				0A42CAF0195A23DB0097B581 /* Supporting Files */,
				0A7802A3195A4CA900B187E0 /* Password.h */,
				0A7802A4195A4CA900B187E0 /* Password.m */,
			);
			path = PPP_Mac;
			sourceTree = "<group>";
		};
		0A42CAF0195A23DB0097B581 /* Supporting Files */ = {
			isa = PBXGroup;
			children = (
				0A42CAF1195A23DB0097B581 /* PPP_Mac-Info.plist */,
				0A42CAF2195A23DB0097B581 /* InfoPlist.strings */,
				0A42CAF5195A23DB0097B581 /* main.m */,
				0A42CAF7195A23DB0097B581 /* PPP_Mac-Prefix.pch */,
				0A42CAF8195A23DB0097B581 /* Credits.rtf */,
			);
			name = "Supporting Files";
			sourceTree = "<group>";
		};
		0A42CB0D195A23DB0097B581 /* PPP_MacTests */ = {
			isa = PBXGroup;
			children = (
				0A42CB13195A23DB0097B581 /* PPP_MacTests.m */,
				0A42CB0E195A23DB0097B581 /* Supporting Files */,
			);
			path = PPP_MacTests;
			sourceTree = "<group>";
		};
		0A42CB0E195A23DB0097B581 /* Supporting Files */ = {
			isa = PBXGroup;
			children = (
				0A42CB0F195A23DB0097B581 /* PPP_MacTests-Info.plist */,
				0A42CB10195A23DB0097B581 /* InfoPlist.strings */,
			);
			name = "Supporting Files";
			sourceTree = "<group>";
		};
		0A92228C195FE52200916E93 /* PPP_IOS */ = {
			isa = PBXGroup;
			children = (
				0A922295195FE52200916E93 /* AppDelegate.h */,
				0A922296195FE52200916E93 /* AppDelegate.m */,
				0A922298195FE52200916E93 /* Main_iPhone.storyboard */,
				0A92229B195FE52200916E93 /* Main_iPad.storyboard */,
				0A92229E195FE52200916E93 /* ViewController.h */,
				0A92229F195FE52200916E93 /* ViewController.m */,
				0A9222A1195FE52200916E93 /* Images.xcassets */,
				0A92228D195FE52200916E93 /* Supporting Files */,
			);
			path = PPP_IOS;
			sourceTree = "<group>";
		};
		0A92228D195FE52200916E93 /* Supporting Files */ = {
			isa = PBXGroup;
			children = (
				0A92228E195FE52200916E93 /* PPP_IOS-Info.plist */,
				0A92228F195FE52200916E93 /* InfoPlist.strings */,
				0A922292195FE52200916E93 /* main.m */,
				0A922294195FE52200916E93 /* PPP_IOS-Prefix.pch */,
			);
			name = "Supporting Files";
			sourceTree = "<group>";
		};
		0A9222AD195FE52300916E93 /* PPP_IOSTests */ = {
			isa = PBXGroup;
			children = (
				0A9222B3195FE52300916E93 /* PPP_IOSTests.m */,
				0A9222AE195FE52300916E93 /* Supporting Files */,
			);
			path = PPP_IOSTests;
			sourceTree = "<group>";
		};
		0A9222AE195FE52300916E93 /* Supporting Files */ = {
			isa = PBXGroup;
			children = (
				0A9222AF195FE52300916E93 /* PPP_IOSTests-Info.plist */,
				0A9222B0195FE52300916E93 /* InfoPlist.strings */,
			);
			name = "Supporting Files";
			sourceTree = "<group>";
		};
/* End PBXGroup section */

/* Begin PBXNativeTarget section */
		0A42CAE5195A23DA0097B581 /* PPP_Mac */ = {
			isa = PBXNativeTarget;
			buildConfigurationList = 0A42CB17195A23DB0097B581 /* Build configuration list for PBXNativeTarget "PPP_Mac" */;
			buildPhases = (
				0A42CAE2195A23DA0097B581 /* Sources */,
				0A42CAE3195A23DA0097B581 /* Frameworks */,
				0A42CAE4195A23DA0097B581 /* Resources */,
			);
			buildRules = (
			);
			dependencies = (
			);
			name = PPP_Mac;
			productName = PPP_Mac;
			productReference = 0A42CAE6195A23DB0097B581 /* PPP_Mac.app */;
			productType = "com.apple.product-type.application";
		};
		0A42CB06195A23DB0097B581 /* PPP_MacTests */ = {
			isa = PBXNativeTarget;
			buildConfigurationList = 0A42CB1A195A23DB0097B581 /* Build configuration list for PBXNativeTarget "PPP_MacTests" */;
			buildPhases = (
				0A42CB03195A23DB0097B581 /* Sources */,
				0A42CB04195A23DB0097B581 /* Frameworks */,
				0A42CB05195A23DB0097B581 /* Resources */,
			);
			buildRules = (
			);
			dependencies = (
				0A42CB0C195A23DB0097B581 /* PBXTargetDependency */,
			);
			name = PPP_MacTests;
			productName = PPP_MacTests;
			productReference = 0A42CB07195A23DB0097B581 /* PPP_MacTests.xctest */;
			productType = "com.apple.product-type.bundle.unit-test";
		};
		0A922284195FE52200916E93 /* PPP_IOS */ = {
			isa = PBXNativeTarget;
			buildConfigurationList = 0A9222B9195FE52300916E93 /* Build configuration list for PBXNativeTarget "PPP_IOS" */;
			buildPhases = (
				0A922281195FE52200916E93 /* Sources */,
				0A922282195FE52200916E93 /* Frameworks */,
				0A922283195FE52200916E93 /* Resources */,
			);
			buildRules = (
			);
			dependencies = (
			);
			name = PPP_IOS;
			productName = PPP_IOS;
			productReference = 0A922285195FE52200916E93 /* PPP_IOS.app */;
			productType = "com.apple.product-type.application";
		};
		0A9222A6195FE52200916E93 /* PPP_IOSTests */ = {
			isa = PBXNativeTarget;
			buildConfigurationList = 0A9222BA195FE52300916E93 /* Build configuration list for PBXNativeTarget "PPP_IOSTests" */;
			buildPhases = (
				0A9222A3195FE52200916E93 /* Sources */,
				0A9222A4195FE52200916E93 /* Frameworks */,
				0A9222A5195FE52200916E93 /* Resources */,
			);
			buildRules = (
			);
			dependencies = (
				0A9222AC195FE52300916E93 /* PBXTargetDependency */,
			);
			name = PPP_IOSTests;
			productName = PPP_IOSTests;
			productReference = 0A9222A7195FE52200916E93 /* PPP_IOSTests.xctest */;
			productType = "com.apple.product-type.bundle.unit-test";
		};
/* End PBXNativeTarget section */

/* Begin PBXProject section */
		0A42CADE195A23DA0097B581 /* Project object */ = {
			isa = PBXProject;
			attributes = {
				LastUpgradeCheck = 0510;
				ORGANIZATIONNAME = Xformatics;
				TargetAttributes = {
					0A42CB06195A23DB0097B581 = {
						TestTargetID = 0A42CAE5195A23DA0097B581;
					};
					0A9222A6195FE52200916E93 = {
						TestTargetID = 0A42CAE5195A23DA0097B581;
					};
				};
			};
			buildConfigurationList = 0A42CAE1195A23DA0097B581 /* Build configuration list for PBXProject "PPP_Mac" */;
			compatibilityVersion = "Xcode 3.2";
			developmentRegion = English;
			hasScannedForEncodings = 0;
			knownRegions = (
				en,
				Base,
			);
			mainGroup = 0A42CADD195A23DA0097B581;
			productRefGroup = 0A42CAE7195A23DB0097B581 /* Products */;
			projectDirPath = "";
			projectRoot = "";
			targets = (
				0A42CAE5195A23DA0097B581 /* PPP_Mac */,
				0A42CB06195A23DB0097B581 /* PPP_MacTests */,
				0A922284195FE52200916E93 /* PPP_IOS */,
				0A9222A6195FE52200916E93 /* PPP_IOSTests */,
			);
		};
/* End PBXProject section */

/* Begin PBXResourcesBuildPhase section */
		0A42CAE4195A23DA0097B581 /* Resources */ = {
			isa = PBXResourcesBuildPhase;
			buildActionMask = 2147483647;
			files = (
				0A42CAF4195A23DB0097B581 /* InfoPlist.strings in Resources */,
				0A42CB02195A23DB0097B581 /* Images.xcassets in Resources */,
				0A42CAFA195A23DB0097B581 /* Credits.rtf in Resources */,
				0A42CB00195A23DB0097B581 /* MainMenu.xib in Resources */,
			);
			runOnlyForDeploymentPostprocessing = 0;
		};
		0A42CB05195A23DB0097B581 /* Resources */ = {
			isa = PBXResourcesBuildPhase;
			buildActionMask = 2147483647;
			files = (
				0A42CB12195A23DB0097B581 /* InfoPlist.strings in Resources */,
			);
			runOnlyForDeploymentPostprocessing = 0;
		};
		0A922283195FE52200916E93 /* Resources */ = {
			isa = PBXResourcesBuildPhase;
			buildActionMask = 2147483647;
			files = (
				0A92229D195FE52200916E93 /* Main_iPad.storyboard in Resources */,
				0A9222A2195FE52200916E93 /* Images.xcassets in Resources */,
				0A92229A195FE52200916E93 /* Main_iPhone.storyboard in Resources */,
				0A922291195FE52200916E93 /* InfoPlist.strings in Resources */,
			);
			runOnlyForDeploymentPostprocessing = 0;
		};
		0A9222A5195FE52200916E93 /* Resources */ = {
			isa = PBXResourcesBuildPhase;
			buildActionMask = 2147483647;
			files = (
				0A9222B2195FE52300916E93 /* InfoPlist.strings in Resources */,
			);
			runOnlyForDeploymentPostprocessing = 0;
		};
/* End PBXResourcesBuildPhase section */

/* Begin PBXSourcesBuildPhase section */
		0A42CAE2195A23DA0097B581 /* Sources */ = {
			isa = PBXSourcesBuildPhase;
			buildActionMask = 2147483647;
			files = (
				0A42CAFD195A23DB0097B581 /* AppDelegate.m in Sources */,
				0A42CAF6195A23DB0097B581 /* main.m in Sources */,
				0A7802A5195A4CA900B187E0 /* Password.m in Sources */,
			);
			runOnlyForDeploymentPostprocessing = 0;
		};
		0A42CB03195A23DB0097B581 /* Sources */ = {
			isa = PBXSourcesBuildPhase;
			buildActionMask = 2147483647;
			files = (
				0A42CB14195A23DB0097B581 /* PPP_MacTests.m in Sources */,
			);
			runOnlyForDeploymentPostprocessing = 0;
		};
		0A922281195FE52200916E93 /* Sources */ = {
			isa = PBXSourcesBuildPhase;
			buildActionMask = 2147483647;
			files = (
				0A9222A0195FE52200916E93 /* ViewController.m in Sources */,
				0A922297195FE52200916E93 /* AppDelegate.m in Sources */,
				0A922293195FE52200916E93 /* main.m in Sources */,
			);
			runOnlyForDeploymentPostprocessing = 0;
		};
		0A9222A3195FE52200916E93 /* Sources */ = {
			isa = PBXSourcesBuildPhase;
			buildActionMask = 2147483647;
			files = (
				0A9222B4195FE52300916E93 /* PPP_IOSTests.m in Sources */,
			);
			runOnlyForDeploymentPostprocessing = 0;
		};
/* End PBXSourcesBuildPhase section */

/* Begin PBXTargetDependency section */
		0A42CB0C195A23DB0097B581 /* PBXTargetDependency */ = {
			isa = PBXTargetDependency;
			target = 0A42CAE5195A23DA0097B581 /* PPP_Mac */;
			targetProxy = 0A42CB0B195A23DB0097B581 /* PBXContainerItemProxy */;
		};
		0A9222AC195FE52300916E93 /* PBXTargetDependency */ = {
			isa = PBXTargetDependency;
			target = 0A922284195FE52200916E93 /* PPP_IOS */;
			targetProxy = 0A9222AB195FE52300916E93 /* PBXContainerItemProxy */;
		};
/* End PBXTargetDependency section */

/* Begin PBXVariantGroup section */
		0A42CAF2195A23DB0097B581 /* InfoPlist.strings */ = {
			isa = PBXVariantGroup;
			children = (
				0A42CAF3195A23DB0097B581 /* en */,
			);
			name = InfoPlist.strings;
			sourceTree = "<group>";
		};
		0A42CAF8195A23DB0097B581 /* Credits.rtf */ = {
			isa = PBXVariantGroup;
			children = (
				0A42CAF9195A23DB0097B581 /* en */,
			);
			name = Credits.rtf;
			sourceTree = "<group>";
		};
		0A42CAFE195A23DB0097B581 /* MainMenu.xib */ = {
			isa = PBXVariantGroup;
			children = (
				0A42CAFF195A23DB0097B581 /* Base */,
			);
			name = MainMenu.xib;
			sourceTree = "<group>";
		};
		0A42CB10195A23DB0097B581 /* InfoPlist.strings */ = {
			isa = PBXVariantGroup;
			children = (
				0A42CB11195A23DB0097B581 /* en */,
			);
			name = InfoPlist.strings;
			sourceTree = "<group>";
		};
		0A92228F195FE52200916E93 /* InfoPlist.strings */ = {
			isa = PBXVariantGroup;
			children = (
				0A922290195FE52200916E93 /* en */,
			);
			name = InfoPlist.strings;
			sourceTree = "<group>";
		};
		0A922298195FE52200916E93 /* Main_iPhone.storyboard */ = {
			isa = PBXVariantGroup;
			children = (
				0A922299195FE52200916E93 /* Base */,
			);
			name = Main_iPhone.storyboard;
			sourceTree = "<group>";
		};
		0A92229B195FE52200916E93 /* Main_iPad.storyboard */ = {
			isa = PBXVariantGroup;
			children = (
				0A92229C195FE52200916E93 /* Base */,
			);
			name = Main_iPad.storyboard;
			sourceTree = "<group>";
		};
		0A9222B0195FE52300916E93 /* InfoPlist.strings */ = {
			isa = PBXVariantGroup;
			children = (
				0A9222B1195FE52300916E93 /* en */,
			);
			name = InfoPlist.strings;
			sourceTree = "<group>";
		};
/* End PBXVariantGroup section */

/* Begin XCBuildConfiguration section */
		0A42CB15195A23DB0097B581 /* Debug */ = {
			isa = XCBuildConfiguration;
			buildSettings = {
				ALWAYS_SEARCH_USER_PATHS = NO;
				CLANG_CXX_LANGUAGE_STANDARD = "gnu++0x";
				CLANG_CXX_LIBRARY = "libc++";
				CLANG_ENABLE_MODULES = YES;
				CLANG_ENABLE_OBJC_ARC = YES;
				CLANG_WARN_BOOL_CONVERSION = YES;
				CLANG_WARN_CONSTANT_CONVERSION = YES;
				CLANG_WARN_DIRECT_OBJC_ISA_USAGE = YES_ERROR;
				CLANG_WARN_EMPTY_BODY = YES;
				CLANG_WARN_ENUM_CONVERSION = YES;
				CLANG_WARN_INT_CONVERSION = YES;
				CLANG_WARN_OBJC_ROOT_CLASS = YES_ERROR;
				CLANG_WARN__DUPLICATE_METHOD_MATCH = YES;
				COPY_PHASE_STRIP = NO;
				GCC_C_LANGUAGE_STANDARD = gnu99;
				GCC_DYNAMIC_NO_PIC = NO;
				GCC_ENABLE_OBJC_EXCEPTIONS = YES;
				GCC_OPTIMIZATION_LEVEL = 0;
				GCC_PREPROCESSOR_DEFINITIONS = (
					"DEBUG=1",
					"$(inherited)",
				);
				GCC_SYMBOLS_PRIVATE_EXTERN = NO;
				GCC_WARN_64_TO_32_BIT_CONVERSION = YES;
				GCC_WARN_ABOUT_RETURN_TYPE = YES_ERROR;
				GCC_WARN_UNDECLARED_SELECTOR = YES;
				GCC_WARN_UNINITIALIZED_AUTOS = YES_AGGRESSIVE;
				GCC_WARN_UNUSED_FUNCTION = YES;
				GCC_WARN_UNUSED_VARIABLE = YES;
				MACOSX_DEPLOYMENT_TARGET = 10.9;
				ONLY_ACTIVE_ARCH = YES;
				SDKROOT = macosx;
			};
			name = Debug;
		};
		0A42CB16195A23DB0097B581 /* Release */ = {
			isa = XCBuildConfiguration;
			buildSettings = {
				ALWAYS_SEARCH_USER_PATHS = NO;
				CLANG_CXX_LANGUAGE_STANDARD = "gnu++0x";
				CLANG_CXX_LIBRARY = "libc++";
				CLANG_ENABLE_MODULES = YES;
				CLANG_ENABLE_OBJC_ARC = YES;
				CLANG_WARN_BOOL_CONVERSION = YES;
				CLANG_WARN_CONSTANT_CONVERSION = YES;
				CLANG_WARN_DIRECT_OBJC_ISA_USAGE = YES_ERROR;
				CLANG_WARN_EMPTY_BODY = YES;
				CLANG_WARN_ENUM_CONVERSION = YES;
				CLANG_WARN_INT_CONVERSION = YES;
				CLANG_WARN_OBJC_ROOT_CLASS = YES_ERROR;
				CLANG_WARN__DUPLICATE_METHOD_MATCH = YES;
				COPY_PHASE_STRIP = YES;
				DEBUG_INFORMATION_FORMAT = "dwarf-with-dsym";
				ENABLE_NS_ASSERTIONS = NO;
				GCC_C_LANGUAGE_STANDARD = gnu99;
				GCC_ENABLE_OBJC_EXCEPTIONS = YES;
				GCC_WARN_64_TO_32_BIT_CONVERSION = YES;
				GCC_WARN_ABOUT_RETURN_TYPE = YES_ERROR;
				GCC_WARN_UNDECLARED_SELECTOR = YES;
				GCC_WARN_UNINITIALIZED_AUTOS = YES_AGGRESSIVE;
				GCC_WARN_UNUSED_FUNCTION = YES;
				GCC_WARN_UNUSED_VARIABLE = YES;
				MACOSX_DEPLOYMENT_TARGET = 10.9;
				SDKROOT = macosx;
			};
			name = Release;
		};
		0A42CB18195A23DB0097B581 /* Debug */ = {
			isa = XCBuildConfiguration;
			buildSettings = {
				ASSETCATALOG_COMPILER_APPICON_NAME = AppIcon;
				COMBINE_HIDPI_IMAGES = YES;
				GCC_PRECOMPILE_PREFIX_HEADER = YES;
				GCC_PREFIX_HEADER = "PPP_Mac/PPP_Mac-Prefix.pch";
				INFOPLIST_FILE = "PPP_Mac/PPP_Mac-Info.plist";
				PRODUCT_NAME = "$(TARGET_NAME)";
				WRAPPER_EXTENSION = app;
			};
			name = Debug;
		};
		0A42CB19195A23DB0097B581 /* Release */ = {
			isa = XCBuildConfiguration;
			buildSettings = {
				ASSETCATALOG_COMPILER_APPICON_NAME = AppIcon;
				COMBINE_HIDPI_IMAGES = YES;
				GCC_PRECOMPILE_PREFIX_HEADER = YES;
				GCC_PREFIX_HEADER = "PPP_Mac/PPP_Mac-Prefix.pch";
				INFOPLIST_FILE = "PPP_Mac/PPP_Mac-Info.plist";
				PRODUCT_NAME = "$(TARGET_NAME)";
				WRAPPER_EXTENSION = app;
			};
			name = Release;
		};
		0A42CB1B195A23DB0097B581 /* Debug */ = {
			isa = XCBuildConfiguration;
			buildSettings = {
				BUNDLE_LOADER = "$(BUILT_PRODUCTS_DIR)/PPP_Mac.app/Contents/MacOS/PPP_Mac";
				COMBINE_HIDPI_IMAGES = YES;
				FRAMEWORK_SEARCH_PATHS = (
					"$(DEVELOPER_FRAMEWORKS_DIR)",
					"$(inherited)",
				);
				GCC_PRECOMPILE_PREFIX_HEADER = YES;
				GCC_PREFIX_HEADER = "PPP_Mac/PPP_Mac-Prefix.pch";
				GCC_PREPROCESSOR_DEFINITIONS = (
					"DEBUG=1",
					"$(inherited)",
				);
				INFOPLIST_FILE = "PPP_MacTests/PPP_MacTests-Info.plist";
				PRODUCT_NAME = "$(TARGET_NAME)";
				TEST_HOST = "$(BUNDLE_LOADER)";
				WRAPPER_EXTENSION = xctest;
			};
			name = Debug;
		};
		0A42CB1C195A23DB0097B581 /* Release */ = {
			isa = XCBuildConfiguration;
			buildSettings = {
				BUNDLE_LOADER = "$(BUILT_PRODUCTS_DIR)/PPP_Mac.app/Contents/MacOS/PPP_Mac";
				COMBINE_HIDPI_IMAGES = YES;
				FRAMEWORK_SEARCH_PATHS = (
					"$(DEVELOPER_FRAMEWORKS_DIR)",
					"$(inherited)",
				);
				GCC_PRECOMPILE_PREFIX_HEADER = YES;
				GCC_PREFIX_HEADER = "PPP_Mac/PPP_Mac-Prefix.pch";
				INFOPLIST_FILE = "PPP_MacTests/PPP_MacTests-Info.plist";
				PRODUCT_NAME = "$(TARGET_NAME)";
				TEST_HOST = "$(BUNDLE_LOADER)";
				WRAPPER_EXTENSION = xctest;
			};
			name = Release;
		};
		0A9222B5195FE52300916E93 /* Debug */ = {
			isa = XCBuildConfiguration;
			buildSettings = {
				ASSETCATALOG_COMPILER_APPICON_NAME = AppIcon;
				ASSETCATALOG_COMPILER_LAUNCHIMAGE_NAME = LaunchImage;
				"CODE_SIGN_IDENTITY[sdk=iphoneos*]" = "iPhone Developer";
				FRAMEWORK_SEARCH_PATHS = (
					"$(inherited)",
					"$(DEVELOPER_FRAMEWORKS_DIR)",
				);
				GCC_PRECOMPILE_PREFIX_HEADER = YES;
				GCC_PREFIX_HEADER = "PPP_IOS/PPP_IOS-Prefix.pch";
				GCC_PREPROCESSOR_DEFINITIONS = (
					"DEBUG=1",
					"$(inherited)",
				);
				INFOPLIST_FILE = "PPP_IOS/PPP_IOS-Info.plist";
				IPHONEOS_DEPLOYMENT_TARGET = 7.1;
				PRODUCT_NAME = "$(TARGET_NAME)";
				SDKROOT = iphoneos;
				TARGETED_DEVICE_FAMILY = "1,2";
				WRAPPER_EXTENSION = app;
			};
			name = Debug;
		};
		0A9222B6195FE52300916E93 /* Release */ = {
			isa = XCBuildConfiguration;
			buildSettings = {
				ASSETCATALOG_COMPILER_APPICON_NAME = AppIcon;
				ASSETCATALOG_COMPILER_LAUNCHIMAGE_NAME = LaunchImage;
				"CODE_SIGN_IDENTITY[sdk=iphoneos*]" = "iPhone Developer";
				FRAMEWORK_SEARCH_PATHS = (
					"$(inherited)",
					"$(DEVELOPER_FRAMEWORKS_DIR)",
				);
				GCC_PRECOMPILE_PREFIX_HEADER = YES;
				GCC_PREFIX_HEADER = "PPP_IOS/PPP_IOS-Prefix.pch";
				INFOPLIST_FILE = "PPP_IOS/PPP_IOS-Info.plist";
				IPHONEOS_DEPLOYMENT_TARGET = 7.1;
				PRODUCT_NAME = "$(TARGET_NAME)";
				SDKROOT = iphoneos;
				TARGETED_DEVICE_FAMILY = "1,2";
				VALIDATE_PRODUCT = YES;
				WRAPPER_EXTENSION = app;
			};
			name = Release;
		};
		0A9222B7195FE52300916E93 /* Debug */ = {
			isa = XCBuildConfiguration;
			buildSettings = {
				BUNDLE_LOADER = "$(BUILT_PRODUCTS_DIR)/PPP_Mac.app/Contents/MacOS/PPP_Mac";
				FRAMEWORK_SEARCH_PATHS = (
					"$(SDKROOT)/Developer/Library/Frameworks",
					"$(inherited)",
					"$(DEVELOPER_FRAMEWORKS_DIR)",
				);
				GCC_PRECOMPILE_PREFIX_HEADER = YES;
				GCC_PREFIX_HEADER = "PPP_IOS/PPP_IOS-Prefix.pch";
				GCC_PREPROCESSOR_DEFINITIONS = (
					"DEBUG=1",
					"$(inherited)",
				);
				INFOPLIST_FILE = "PPP_IOSTests/PPP_IOSTests-Info.plist";
				IPHONEOS_DEPLOYMENT_TARGET = 7.1;
				PRODUCT_NAME = "$(TARGET_NAME)";
				SDKROOT = iphoneos;
				TEST_HOST = "$(BUNDLE_LOADER)";
				WRAPPER_EXTENSION = xctest;
			};
			name = Debug;
		};
		0A9222B8195FE52300916E93 /* Release */ = {
			isa = XCBuildConfiguration;
			buildSettings = {
				BUNDLE_LOADER = "$(BUILT_PRODUCTS_DIR)/PPP_Mac.app/Contents/MacOS/PPP_Mac";
				FRAMEWORK_SEARCH_PATHS = (
					"$(SDKROOT)/Developer/Library/Frameworks",
					"$(inherited)",
					"$(DEVELOPER_FRAMEWORKS_DIR)",
				);
				GCC_PRECOMPILE_PREFIX_HEADER = YES;
				GCC_PREFIX_HEADER = "PPP_IOS/PPP_IOS-Prefix.pch";
				INFOPLIST_FILE = "PPP_IOSTests/PPP_IOSTests-Info.plist";
				IPHONEOS_DEPLOYMENT_TARGET = 7.1;
				PRODUCT_NAME = "$(TARGET_NAME)";
				SDKROOT = iphoneos;
				TEST_HOST = "$(BUNDLE_LOADER)";
				VALIDATE_PRODUCT = YES;
				WRAPPER_EXTENSION = xctest;
			};
			name = Release;
		};
/* End XCBuildConfiguration section */

/* Begin XCConfigurationList section */
		0A42CAE1195A23DA0097B581 /* Build configuration list for PBXProject "PPP_Mac" */ = {
			isa = XCConfigurationList;
			buildConfigurations = (
				0A42CB15195A23DB0097B581 /* Debug */,
				0A42CB16195A23DB0097B581 /* Release */,
			);
			defaultConfigurationIsVisible = 0;
			defaultConfigurationName = Release;
		};
		0A42CB17195A23DB0097B581 /* Build configuration list for PBXNativeTarget "PPP_Mac" */ = {
			isa = XCConfigurationList;
			buildConfigurations = (
				0A42CB18195A23DB0097B581 /* Debug */,
				0A42CB19195A23DB0097B581 /* Release */,
			);
			defaultConfigurationIsVisible = 0;
			defaultConfigurationName = Release;
		};
		0A42CB1A195A23DB0097B581 /* Build configuration list for PBXNativeTarget "PPP_MacTests" */ = {
			isa = XCConfigurationList;
			buildConfigurations = (
				0A42CB1B195A23DB0097B581 /* Debug */,
				0A42CB1C195A23DB0097B581 /* Release */,
			);
			defaultConfigurationIsVisible = 0;
			defaultConfigurationName = Release;
		};
		0A9222B9195FE52300916E93 /* Build configuration list for PBXNativeTarget "PPP_IOS" */ = {
			isa = XCConfigurationList;
			buildConfigurations = (
				0A9222B5195FE52300916E93 /* Debug */,
				0A9222B6195FE52300916E93 /* Release */,
			);
			defaultConfigurationIsVisible = 0;
			defaultConfigurationName = Release;
		};
		0A9222BA195FE52300916E93 /* Build configuration list for PBXNativeTarget "PPP_IOSTests" */ = {
			isa = XCConfigurationList;
			buildConfigurations = (
				0A9222B7195FE52300916E93 /* Debug */,
				0A9222B8195FE52300916E93 /* Release */,
			);
			defaultConfigurationIsVisible = 0;
			defaultConfigurationName = Release;
		};
/* End XCConfigurationList section */
	};
	rootObject = 0A42CADE195A23DA0097B581 /* Project object */;
}
